# DO NOT EDIT MANUALLY - Managed by Fern Replay
version: "1.0"
generations:
  - commit_sha: 57e6782cad8c06a59c691f70489fe8eab0f67d7b
    tree_hash: 0d14e5cda1cbcb00d478d31a6c049048d38970b8
    timestamp: 2026-08-16T18:19:33.317Z
    cli_version: unknown
    generator_versions: {}
current_generation: 57e6782cad8c06a59c691f70489fe8eab0f67d7b
patches: []
